
Microsoft Visual Studio Solution File, Format Version 12.00
# Visual Studio Version 17
VisualStudioVersion = 17.5.002.0
MinimumVisualStudioVersion = 10.0.40219.1
Project("{9A19103F-16F7-4668-BE54-9A1E7A4F7556}") = "FunctionChallenges", "FunctionChallenges.csproj", "{03015DF2-A9AD-47E6-AFCD-7FAAC3B2341D}"
EndProject
Global
	GlobalSection(SolutionConfigurationPlatforms) = preSolution
		Debug|Any CPU = Debug|Any CPU
		Release|Any CPU = Release|Any CPU
	EndGlobalSection
	GlobalSection(ProjectConfigurationPlatforms) = postSolution
		{03015DF2-A9AD-47E6-AFCD-7FAAC3B2341D}.Debug|Any CPU.ActiveCfg = Debug|Any CPU
		{03015DF2-A9AD-47E6-AFCD-7FAAC3B2341D}.Debug|Any CPU.Build.0 = Debug|Any CPU
		{03015DF2-A9AD-47E6-AFCD-7FAAC3B2341D}.Release|Any CPU.ActiveCfg = Release|Any CPU
		{03015DF2-A9AD-47E6-AFCD-7FAAC3B2341D}.Release|Any CPU.Build.0 = Release|Any CPU
	EndGlobalSection
	GlobalSection(SolutionProperties) = preSolution
		HideSolutionNode = FALSE
	EndGlobalSection
	GlobalSection(ExtensibilityGlobals) = postSolution
		SolutionGuid = {0D092822-BB58-486E-A099-13114FC24FC9}
	EndGlobalSection
EndGlobal
